
Microsoft Visual Studio Solution File, Format Version 9.00
# Visual Studio 2005
Project("{8BC9CEB8-8B4A-11D0-8D11-00A0C91BC942}") = "Test", "Test\Test.vcproj", "{505928C2-55A2-44E0-8A20-5920BCA2C6E4}"
EndProject
Project("{8BC9CEB8-8B4A-11D0-8D11-00A0C91BC942}") = "Configurables", "Configurables\Configurables.vcproj", "{689507B5-3D75-4A2D-BF18-544D1C0CDF4C}"
EndProject
Project("{8BC9CEB8-8B4A-11D0-8D11-00A0C91BC942}") = "GwaArxToolSet", "..\..\..\..\MDX.RAIN\GitHub\GwaArxToolSet\GwaArxToolSet\GwaArxToolSet.vcproj", "{193C1E67-96B9-4B6F-ACAB-836252389107}"
EndProject
Global
	GlobalSection(SolutionConfigurationPlatforms) = preSolution
		ArxBoostDbg|Win32 = ArxBoostDbg|Win32
		Debug|Win32 = Debug|Win32
		Release|Win32 = Release|Win32
	EndGlobalSection
	GlobalSection(ProjectConfigurationPlatforms) = postSolution
		{505928C2-55A2-44E0-8A20-5920BCA2C6E4}.ArxBoostDbg|Win32.ActiveCfg = Debug|Win32
		{505928C2-55A2-44E0-8A20-5920BCA2C6E4}.ArxBoostDbg|Win32.Build.0 = Debug|Win32
		{505928C2-55A2-44E0-8A20-5920BCA2C6E4}.Debug|Win32.ActiveCfg = Debug|Win32
		{505928C2-55A2-44E0-8A20-5920BCA2C6E4}.Debug|Win32.Build.0 = Debug|Win32
		{505928C2-55A2-44E0-8A20-5920BCA2C6E4}.Release|Win32.ActiveCfg = Release|Win32
		{505928C2-55A2-44E0-8A20-5920BCA2C6E4}.Release|Win32.Build.0 = Release|Win32
		{689507B5-3D75-4A2D-BF18-544D1C0CDF4C}.ArxBoostDbg|Win32.ActiveCfg = Release|Win32
		{689507B5-3D75-4A2D-BF18-544D1C0CDF4C}.ArxBoostDbg|Win32.Build.0 = Release|Win32
		{689507B5-3D75-4A2D-BF18-544D1C0CDF4C}.Debug|Win32.ActiveCfg = Debug|Win32
		{689507B5-3D75-4A2D-BF18-544D1C0CDF4C}.Debug|Win32.Build.0 = Debug|Win32
		{689507B5-3D75-4A2D-BF18-544D1C0CDF4C}.Release|Win32.ActiveCfg = Release|Win32
		{689507B5-3D75-4A2D-BF18-544D1C0CDF4C}.Release|Win32.Build.0 = Release|Win32
		{193C1E67-96B9-4B6F-ACAB-836252389107}.ArxBoostDbg|Win32.ActiveCfg = ArxBoostDbg|Win32
		{193C1E67-96B9-4B6F-ACAB-836252389107}.ArxBoostDbg|Win32.Build.0 = ArxBoostDbg|Win32
		{193C1E67-96B9-4B6F-ACAB-836252389107}.Debug|Win32.ActiveCfg = Debug|Win32
		{193C1E67-96B9-4B6F-ACAB-836252389107}.Debug|Win32.Build.0 = Debug|Win32
		{193C1E67-96B9-4B6F-ACAB-836252389107}.Release|Win32.ActiveCfg = Release|Win32
		{193C1E67-96B9-4B6F-ACAB-836252389107}.Release|Win32.Build.0 = Release|Win32
	EndGlobalSection
	GlobalSection(SolutionProperties) = preSolution
		HideSolutionNode = FALSE
	EndGlobalSection
EndGlobal
